
Microsoft Visual Studio Solution File, Format Version 12.00
# Visual Studio 2013
VisualStudioVersion = 12.0.21005.1
MinimumVisualStudioVersion = 10.0.40219.1
Project("{FAE04EC0-301F-11D3-BF4B-00C04F79EFBC}") = "MyGame", "MyGame\MyGame\MyGame.csproj", "{577E11C4-6CBC-4BDF-A0D3-ACFE19C3E4C9}"
EndProject
Project("{96E2B04D-8817-42C6-938A-82C39BA4D311}") = "MyGameContent", "MyGame\MyGameContent\MyGameContent.contentproj", "{D2818DDB-A605-406D-84DA-199206BD548C}"
EndProject
Global
	GlobalSection(SolutionConfigurationPlatforms) = preSolution
		Debug|x86 = Debug|x86
		Release|x86 = Release|x86
	EndGlobalSection
	GlobalSection(ProjectConfigurationPlatforms) = postSolution
		{577E11C4-6CBC-4BDF-A0D3-ACFE19C3E4C9}.Debug|x86.ActiveCfg = Debug|x86
		{577E11C4-6CBC-4BDF-A0D3-ACFE19C3E4C9}.Debug|x86.Build.0 = Debug|x86
		{577E11C4-6CBC-4BDF-A0D3-ACFE19C3E4C9}.Release|x86.ActiveCfg = Release|x86
		{577E11C4-6CBC-4BDF-A0D3-ACFE19C3E4C9}.Release|x86.Build.0 = Release|x86
		{D2818DDB-A605-406D-84DA-199206BD548C}.Debug|x86.ActiveCfg = Debug|x86
		{D2818DDB-A605-406D-84DA-199206BD548C}.Release|x86.ActiveCfg = Release|x86
	EndGlobalSection
	GlobalSection(SolutionProperties) = preSolution
		HideSolutionNode = FALSE
	EndGlobalSection
EndGlobal
